schema: '2.0'
stages:
  stage_01:
    cmd: python stage01.py
    deps:
    - path: stage01.py
      md5: d3f1dd0c9cbe63f6c4a39ba0e2937586
      size: 74
    outs:
    - path: artifacts01.txt
      md5: 2c5df32f753613d2815b0c0a1c221894
      size: 18
  stage_03:
    cmd: python stage03.py
    deps:
    - path: artifacts01.txt
      md5: 2c5df32f753613d2815b0c0a1c221894
      size: 18
    - path: stage03.py
      md5: 30b9b1dc5a35308d3b305cf26e53fcab
      size: 175
    outs:
    - path: artifacts02.txt
      md5: eff80087a174987a7503f290129c5630
      size: 29
  stage_02:
    cmd: python stage02.py
    deps:
    - path: artifacts01.txt
      md5: 2c5df32f753613d2815b0c0a1c221894
      size: 18
    - path: stage02.py
      md5: 3c46d1b2bab28c3ef799610d03dce461
      size: 99
